PODS:
  - ABStaticTableViewController (1.1.0)
  - CocoaLumberjack (2.2.0):
    - CocoaLumberjack/Default (= 2.2.0)
    - CocoaLumberjack/Extensions (= 2.2.0)
  - CocoaLumberjack/Core (2.2.0)
  - CocoaLumberjack/Default (2.2.0):
    - CocoaLumberjack/Core
  - CocoaLumberjack/Extensions (2.2.0):
    - CocoaLumberjack/Default
  - Crashlytics (3.4.0):
    - Fabric (~> 1.6.0)
  - Fabric (1.6.0):
    - Fabric/Base (= 1.6.0)
  - Fabric/Base (1.6.0)
  - MQTTClient (0.3.7)
  - objc-geohash (0.0.1)
  - QRCodeReaderViewController (4.0.0)

DEPENDENCIES:
  - ABStaticTableViewController
  - CocoaLumberjack
  - Crashlytics
  - Fabric
  - MQTTClient
  - objc-geohash
  - QRCodeReaderViewController

SPEC CHECKSUMS:
  ABStaticTableViewController: ef94678753f8873d364ca6cc74ea0237b41fb848
  CocoaLumberjack: 17fe8581f84914d5d7e6360f7c70022b173c3ae0
  Crashlytics: 1ee87895c37472eb3f01f409ea1654a464d2f8d4
  Fabric: d737eda3a26ac940a5430230eedb35f16b226131
  MQTTClient: ae39fdd31e51b31b8527988a1eeabba7c3007519
  objc-geohash: 5a92a1deb6c4729ecefdf847159991a1068fb4cc
  QRCodeReaderViewController: 99922d8e8b8aeebe2e9523a373aa807444056ded

COCOAPODS: 0.39.0
